
Microsoft Visual Studio Solution File, Format Version 12.00
# Visual Studio Version 16
VisualStudioVersion = 16.0.810.24
MinimumVisualStudioVersion = 10.0.40219.1
Project("{FAE04EC0-301F-11D3-BF4B-00C04F79EFBC}") = "JsonEditor", "JsonEditor\JsonEditor.csproj", "{50B12061-1CA8-4C9F-9ACB-B5D5C656740F}"
EndProject
Global
	GlobalSection(SolutionConfigurationPlatforms) = preSolution
		Debug|Any CPU = Debug|Any CPU
		Release|Any CPU = Release|Any CPU
	EndGlobalSection
	GlobalSection(ProjectConfigurationPlatforms) = postSolution
		{50B12061-1CA8-4C9F-9ACB-B5D5C656740F}.Debug|Any CPU.ActiveCfg = Debug|Any CPU
		{50B12061-1CA8-4C9F-9ACB-B5D5C656740F}.Debug|Any CPU.Build.0 = Debug|Any CPU
		{50B12061-1CA8-4C9F-9ACB-B5D5C656740F}.Release|Any CPU.ActiveCfg = Release|Any CPU
		{50B12061-1CA8-4C9F-9ACB-B5D5C656740F}.Release|Any CPU.Build.0 = Release|Any CPU
	EndGlobalSection
	GlobalSection(SolutionProperties) = preSolution
		HideSolutionNode = FALSE
	EndGlobalSection
	GlobalSection(ExtensibilityGlobals) = postSolution
		SolutionGuid = {2782D90A-6AA1-4C88-8D2F-39A07D65ACFB}
	EndGlobalSection
EndGlobal
